
Microsoft Visual Studio Solution File, Format Version 12.00
# Visual Studio Version 16
VisualStudioVersion = 16.0.30717.126
MinimumVisualStudioVersion = 10.0.40219.1
Project("{8BC9CEB8-8B4A-11D0-8D11-00A0C91BC942}") = "PartSegmentation", "PartSegmentation\PartSegmentation.vcxproj", "{966C45A9-7914-44EF-B2F2-EBD8B69AF25F}"
EndProject
Global
	GlobalSection(SolutionConfigurationPlatforms) = preSolution
		Debug|x64 = Debug|x64
		Debug|x86 = Debug|x86
		Release|x64 = Release|x64
		Release|x86 = Release|x86
	EndGlobalSection
	GlobalSection(ProjectConfigurationPlatforms) = postSolution
		{966C45A9-7914-44EF-B2F2-EBD8B69AF25F}.Debug|x64.ActiveCfg = Debug|x64
		{966C45A9-7914-44EF-B2F2-EBD8B69AF25F}.Debug|x64.Build.0 = Debug|x64
		{966C45A9-7914-44EF-B2F2-EBD8B69AF25F}.Debug|x86.ActiveCfg = Debug|Win32
		{966C45A9-7914-44EF-B2F2-EBD8B69AF25F}.Debug|x86.Build.0 = Debug|Win32
		{966C45A9-7914-44EF-B2F2-EBD8B69AF25F}.Release|x64.ActiveCfg = Release|x64
		{966C45A9-7914-44EF-B2F2-EBD8B69AF25F}.Release|x64.Build.0 = Release|x64
		{966C45A9-7914-44EF-B2F2-EBD8B69AF25F}.Release|x86.ActiveCfg = Release|Win32
		{966C45A9-7914-44EF-B2F2-EBD8B69AF25F}.Release|x86.Build.0 = Release|Win32
	EndGlobalSection
	GlobalSection(SolutionProperties) = preSolution
		HideSolutionNode = FALSE
	EndGlobalSection
	GlobalSection(ExtensibilityGlobals) = postSolution
		SolutionGuid = {66374E2E-6382-479B-91BF-71838C3D7CB4}
	EndGlobalSection
EndGlobal
